
Microsoft Visual Studio Solution File, Format Version 12.00
# Visual Studio 15
VisualStudioVersion = 15.0.33026.149
MinimumVisualStudioVersion = 10.0.40219.1
Project("{FAE04EC0-301F-11D3-BF4B-00C04F79EFBC}") = "ejercicio estructura secuencial", "ejercicio estructura secuencial\ejercicio estructura secuencial.csproj", "{964DC222-799D-4EBC-A451-BE3D3AFA5EA4}"
EndProject
Global
	GlobalSection(SolutionConfigurationPlatforms) = preSolution
		Debug|Any CPU = Debug|Any CPU
		Release|Any CPU = Release|Any CPU
	EndGlobalSection
	GlobalSection(ProjectConfigurationPlatforms) = postSolution
		{964DC222-799D-4EBC-A451-BE3D3AFA5EA4}.Debug|Any CPU.ActiveCfg = Debug|Any CPU
		{964DC222-799D-4EBC-A451-BE3D3AFA5EA4}.Debug|Any CPU.Build.0 = Debug|Any CPU
		{964DC222-799D-4EBC-A451-BE3D3AFA5EA4}.Release|Any CPU.ActiveCfg = Release|Any CPU
		{964DC222-799D-4EBC-A451-BE3D3AFA5EA4}.Release|Any CPU.Build.0 = Release|Any CPU
	EndGlobalSection
	GlobalSection(SolutionProperties) = preSolution
		HideSolutionNode = FALSE
	EndGlobalSection
	GlobalSection(ExtensibilityGlobals) = postSolution
		SolutionGuid = {6663864A-EE4E-4116-9C9D-F89007051D28}
	EndGlobalSection
EndGlobal
